{
    "_readme": [
        "This file locks the dependencies of your project to a known state",
        "Read more about it at https://getcomposer.org/doc/01-basic-usage.md#installing-dependencies",
        "This file is @generated automatically"
    ],
    "content-hash": "5be0c13b23e2bed935654f9d3cddd244",
    "packages": [
        {
            "name": "doctrine/lexer",
            "version": "v1.0.1",
            "source": {
                "type": "git",
                "url": "https://github.com/doctrine/lexer.git",
                "reference": "83893c552fd2045dd78aef794c31e694c37c0b8c"
            },
            "dist": {
                "type": "zip",
                "url": "https://api.github.com/repos/doctrine/lexer/zipball/83893c552fd2045dd78aef794c31e694c37c0b8c",
                "reference": "83893c552fd2045dd78aef794c31e694c37c0b8c",
                "shasum": ""
            },
            "require": {
                "php": ">=5.3.2"
            },
            "type": "library",
            "extra": {
                "branch-alias": {
                    "dev-master": "1.0.x-dev"
                }
            },
            "autoload": {
                "psr-0": {
                    "Doctrine\\Common\\Lexer\\": "lib/"
                }
            },
            "notification-url": "https://packagist.org/downloads/",
            "license": [
                "MIT"
            ],
            "authors": [
                {
                    "name": "Roman Borschel",
                    "email": "roman@code-factory.org"
                },
                {
                    "name": "Guilherme Blanco",
                    "email": "guilhermeblanco@gmail.com"
                },
                {
                    "name": "Johannes Schmitt",
                    "email": "schmittjoh@gmail.com"
                }
            ],
            "description": "Base library for a lexer that can be used in Top-Down, Recursive Descent Parsers.",
            "homepage": "http://www.doctrine-project.org",
            "keywords": [
                "lexer",
                "parser"
            ],
            "time": "2014-09-09T13:34:57+00:00"
        },
        {
            "name": "egulias/email-validator",
            "version": "2.1.5",
            "source": {
                "type": "git",
                "url": "https://github.com/egulias/EmailValidator.git",
                "reference": "54859fabea8b3beecbb1a282888d5c990036b9e3"
            },
            "dist": {
                "type": "zip",
                "url": "https://api.github.com/repos/egulias/EmailValidator/zipball/54859fabea8b3beecbb1a282888d5c990036b9e3",
                "reference": "54859fabea8b3beecbb1a282888d5c990036b9e3",
                "shasum": ""
            },
            "require": {
                "doctrine/lexer": "^1.0.1",
                "php": ">= 5.5"
            },
            "require-dev": {
                "dominicsayers/isemail": "dev-master",
                "phpunit/phpunit": "^4.8.35||^5.7||^6.0",
                "satooshi/php-coveralls": "^1.0.1"
            },
            "suggest": {
                "ext-intl": "PHP Internationalization Libraries are required to use the SpoofChecking validation"
            },
            "type": "library",
            "extra": {
                "branch-alias": {
                    "dev-master": "2.0.x-dev"
                }
            },
            "autoload": {
                "psr-4": {
                    "Egulias\\EmailValidator\\": "EmailValidator"
                }
            },
            "notification-url": "https://packagist.org/downloads/",
            "license": [
                "MIT"
            ],
            "authors": [
                {
                    "name": "Eduardo Gulias Davis"
                }
            ],
            "description": "A library for validating emails against several RFCs",
            "homepage": "https://github.com/egulias/EmailValidator",
            "keywords": [
                "email",
                "emailvalidation",
                "emailvalidator",
                "validation",
                "validator"
            ],
            "time": "2018-08-16T20:49:45+00:00"
        },
        {
            "name": "infobip/infobip-api-php-client",
            "version": "2.3.1",
            "source": {
                "type": "git",
                "url": "https://github.com/infobip/infobip-api-php-client.git",
                "reference": "fa80d9b6791971b2c0d84616dda67d73bca846f7"
            },
            "dist": {
                "type": "zip",
                "url": "https://api.github.com/repos/infobip/infobip-api-php-client/zipball/fa80d9b6791971b2c0d84616dda67d73bca846f7",
                "reference": "fa80d9b6791971b2c0d84616dda67d73bca846f7",
                "shasum": ""
            },
            "require": {
                "netresearch/jsonmapper": "0.9.0"
            },
            "type": "library",
            "autoload": {
                "psr-4": {
                    "infobip\\": "infobip/",
                    "infobip\\api\\": "infobip/api/",
                    "infobip\\api\\client\\": "infobip/api/client/",
                    "infobip\\api\\configuration\\": "infobip/api/configuration/",
                    "infobip\\api\\model\\": "infobip/api/model/",
                    "infobip\\api\\model\\account\\": "infobip/api/model/account/",
                    "infobip\\api\\model\\conversion\\": "infobip/api/model/conversion/",
                    "infobip\\api\\model\\nc\\": "infobip/api/model/nc/",
                    "infobip\\api\\model\\nc\\logs\\": "infobip/api/model/nc/logs/",
                    "infobip\\api\\model\\nc\\notify\\": "infobip/api/model/nc/notify/",
                    "infobip\\api\\model\\nc\\query\\": "infobip/api/model/nc/query/",
                    "infobip\\api\\model\\sms\\": "infobip/api/model/sms/",
                    "infobip\\api\\model\\sms\\mo\\": "infobip/api/model/sms/mo/",
                    "infobip\\api\\model\\sms\\mo\\logs\\": "infobip/api/model/sms/mo/logs/",
                    "infobip\\api\\model\\sms\\mo\\reports\\": "infobip/api/model/sms/mo/reports/",
                    "infobip\\api\\model\\sms\\mt\\": "infobip/api/model/sms/mt/",
                    "infobip\\api\\model\\sms\\mt\\bulks\\": "infobip/api/model/sms/mt/bulks/",
                    "infobip\\api\\model\\sms\\mt\\bulks\\status\\": "infobip/api/model/sms/mt/bulks/status/",
                    "infobip\\api\\model\\sms\\mt\\logs\\": "infobip/api/model/sms/mt/logs/",
                    "infobip\\api\\model\\sms\\mt\\reports\\": "infobip/api/model/sms/mt/reports/",
                    "infobip\\api\\model\\sms\\mt\\send\\": "infobip/api/model/sms/mt/send/",
                    "infobip\\api\\model\\sms\\mt\\send\\binary\\": "infobip/api/model/sms/mt/send/binary/",
                    "infobip\\api\\model\\sms\\mt\\send\\preview\\": "infobip/api/model/sms/mt/send/preview/",
                    "infobip\\api\\model\\sms\\mt\\send\\textual\\": "infobip/api/model/sms/mt/send/textual/"
                }
            },
            "notification-url": "https://packagist.org/downloads/",
            "license": [
                "Apache-2.0"
            ],
            "authors": [
                {
                    "email": "libraries@infobip.com"
                }
            ],
            "description": "Infobip SMS library for PHP",
            "homepage": "http://dev.infobip.com",
            "keywords": [
                "Infobip",
                "api",
                "hlr",
                "msisdn",
                "sms"
            ],
            "time": "2018-07-11T06:13:40+00:00"
        },
        {
            "name": "monolog/monolog",
            "version": "1.23.0",
            "source": {
                "type": "git",
                "url": "https://github.com/Seldaek/monolog.git",
                "reference": "fd8c787753b3a2ad11bc60c063cff1358a32a3b4"
            },
            "dist": {
                "type": "zip",
                "url": "https://api.github.com/repos/Seldaek/monolog/zipball/fd8c787753b3a2ad11bc60c063cff1358a32a3b4",
                "reference": "fd8c787753b3a2ad11bc60c063cff1358a32a3b4",
                "shasum": ""
            },
            "require": {
                "php": ">=5.3.0",
                "psr/log": "~1.0"
            },
            "provide": {
                "psr/log-implementation": "1.0.0"
            },
            "require-dev": {
                "aws/aws-sdk-php": "^2.4.9 || ^3.0",
                "doctrine/couchdb": "~1.0@dev",
                "graylog2/gelf-php": "~1.0",
                "jakub-onderka/php-parallel-lint": "0.9",
                "php-amqplib/php-amqplib": "~2.4",
                "php-console/php-console": "^3.1.3",
                "phpunit/phpunit": "~4.5",
                "phpunit/phpunit-mock-objects": "2.3.0",
                "ruflin/elastica": ">=0.90 <3.0",
                "sentry/sentry": "^0.13",
                "swiftmailer/swiftmailer": "^5.3|^6.0"
            },
            "suggest": {
                "aws/aws-sdk-php": "Allow sending log messages to AWS services like DynamoDB",
                "doctrine/couchdb": "Allow sending log messages to a CouchDB server",
                "ext-amqp": "Allow sending log messages to an AMQP server (1.0+ required)",
                "ext-mongo": "Allow sending log messages to a MongoDB server",
                "graylog2/gelf-php": "Allow sending log messages to a GrayLog2 server",
                "mongodb/mongodb": "Allow sending log messages to a MongoDB server via PHP Driver",
                "php-amqplib/php-amqplib": "Allow sending log messages to an AMQP server using php-amqplib",
                "php-console/php-console": "Allow sending log messages to Google Chrome",
                "rollbar/rollbar": "Allow sending log messages to Rollbar",
                "ruflin/elastica": "Allow sending log messages to an Elastic Search server",
                "sentry/sentry": "Allow sending log messages to a Sentry server"
            },
            "type": "library",
            "extra": {
                "branch-alias": {
                    "dev-master": "2.0.x-dev"
                }
            },
            "autoload": {
                "psr-4": {
                    "Monolog\\": "src/Monolog"
                }
            },
            "notification-url": "https://packagist.org/downloads/",
            "license": [
                "MIT"
            ],
            "authors": [
                {
                    "name": "Jordi Boggiano",
                    "email": "j.boggiano@seld.be",
                    "homepage": "http://seld.be"
                }
            ],
            "description": "Sends your logs to files, sockets, inboxes, databases and various web services",
            "homepage": "http://github.com/Seldaek/monolog",
            "keywords": [
                "log",
                "logging",
                "psr-3"
            ],
            "time": "2017-06-19T01:22:40+00:00"
        },
        {
            "name": "netresearch/jsonmapper",
            "version": "v0.9.0",
            "source": {
                "type": "git",
                "url": "https://github.com/cweiske/jsonmapper.git",
                "reference": "1c3803fa6d1be7bd083fb853f1c6af56f96d1833"
            },
            "dist": {
                "type": "zip",
                "url": "https://api.github.com/repos/cweiske/jsonmapper/zipball/1c3803fa6d1be7bd083fb853f1c6af56f96d1833",
                "reference": "1c3803fa6d1be7bd083fb853f1c6af56f96d1833",
                "shasum": ""
            },
            "require-dev": {
                "phpunit/phpunit": "4.2.*",
                "squizlabs/php_codesniffer": "~1.5"
            },
            "type": "library",
            "autoload": {
                "psr-0": {
                    "": "src/"
                }
            },
            "notification-url": "https://packagist.org/downloads/",
            "license": [
                "OSL-3.0"
            ],
            "authors": [
                {
                    "name": "Christian Weiske",
                    "email": "christian.weiske@netresearch.de",
                    "homepage": "http://www.netresearch.de/",
                    "role": "Developer"
                }
            ],
            "description": "Map nested JSON structures onto PHP classes",
            "time": "2015-08-14T14:07:23+00:00"
        },
        {
            "name": "psr/log",
            "version": "1.0.2",
            "source": {
                "type": "git",
                "url": "https://github.com/php-fig/log.git",
                "reference": "4ebe3a8bf773a19edfe0a84b6585ba3d401b724d"
            },
            "dist": {
                "type": "zip",
                "url": "https://api.github.com/repos/php-fig/log/zipball/4ebe3a8bf773a19edfe0a84b6585ba3d401b724d",
                "reference": "4ebe3a8bf773a19edfe0a84b6585ba3d401b724d",
                "shasum": ""
            },
            "require": {
                "php": ">=5.3.0"
            },
            "type": "library",
            "extra": {
                "branch-alias": {
                    "dev-master": "1.0.x-dev"
                }
            },
            "autoload": {
                "psr-4": {
                    "Psr\\Log\\": "Psr/Log/"
                }
            },
            "notification-url": "https://packagist.org/downloads/",
            "license": [
                "MIT"
            ],
            "authors": [
                {
                    "name": "PHP-FIG",
                    "homepage": "http://www.php-fig.org/"
                }
            ],
            "description": "Common interface for logging libraries",
            "homepage": "https://github.com/php-fig/log",
            "keywords": [
                "log",
                "psr",
                "psr-3"
            ],
            "time": "2016-10-10T12:19:37+00:00"
        },
        {
            "name": "swiftmailer/swiftmailer",
            "version": "v6.1.3",
            "source": {
                "type": "git",
                "url": "https://github.com/swiftmailer/swiftmailer.git",
                "reference": "8ddcb66ac10c392d3beb54829eef8ac1438595f4"
            },
            "dist": {
                "type": "zip",
                "url": "https://api.github.com/repos/swiftmailer/swiftmailer/zipball/8ddcb66ac10c392d3beb54829eef8ac1438595f4",
                "reference": "8ddcb66ac10c392d3beb54829eef8ac1438595f4",
                "shasum": ""
            },
            "require": {
                "egulias/email-validator": "~2.0",
                "php": ">=7.0.0"
            },
            "require-dev": {
                "mockery/mockery": "~0.9.1",
                "symfony/phpunit-bridge": "~3.3@dev"
            },
            "suggest": {
                "ext-intl": "Needed to support internationalized email addresses",
                "true/punycode": "Needed to support internationalized email addresses, if ext-intl is not installed"
            },
            "type": "library",
            "extra": {
                "branch-alias": {
                    "dev-master": "6.1-dev"
                }
            },
            "autoload": {
                "files": [
                    "lib/swift_required.php"
                ]
            },
            "notification-url": "https://packagist.org/downloads/",
            "license": [
                "MIT"
            ],
            "authors": [
                {
                    "name": "Chris Corbyn"
                },
                {
                    "name": "Fabien Potencier",
                    "email": "fabien@symfony.com"
                }
            ],
            "description": "Swiftmailer, free feature-rich PHP mailer",
            "homepage": "https://swiftmailer.symfony.com",
            "keywords": [
                "email",
                "mail",
                "mailer"
            ],
            "time": "2018-09-11T07:12:52+00:00"
        },
        {
            "name": "yabacon/paystack-php",
            "version": "v2.1.23",
            "source": {
                "type": "git",
                "url": "https://github.com/yabacon/paystack-php.git",
                "reference": "07dfb0eb02ef0dcbd32cf15cb54e65db9570ec86"
            },
            "dist": {
                "type": "zip",
                "url": "https://api.github.com/repos/yabacon/paystack-php/zipball/07dfb0eb02ef0dcbd32cf15cb54e65db9570ec86",
                "reference": "07dfb0eb02ef0dcbd32cf15cb54e65db9570ec86",
                "shasum": ""
            },
            "require-dev": {
                "guzzlehttp/guzzle": "^6.2",
                "phpunit/phpunit": "~5.3",
                "scrutinizer/ocular": "^1.1",
                "squizlabs/php_codesniffer": "^2.3",
                "vlucas/phpdotenv": "^2.2"
            },
            "type": "library",
            "extra": {
                "branch-alias": {
                    "dev-master": "2.0-dev"
                }
            },
            "autoload": {
                "psr-4": {
                    "Yabacon\\": "src/"
                }
            },
            "notification-url": "https://packagist.org/downloads/",
            "license": [
                "MIT"
            ],
            "authors": [
                {
                    "name": "Yabacon",
                    "email": "yabacon.valley@gmail.com",
                    "homepage": "https://github.com/yabacon",
                    "role": "Owner"
                },
                {
                    "name": "Ibrahim Lawal",
                    "email": "ibrahim@lawal.me",
                    "homepage": "http://ibrahim.lawal.me",
                    "role": "Developer"
                }
            ],
            "description": "Helps make your Paystack API calls giving a stdClass object.",
            "homepage": "https://github.com/yabacon/paystack-php",
            "keywords": [
                "api",
                "curl",
                "customer",
                "disable",
                "enable",
                "page",
                "paystack",
                "paystack-php",
                "plan",
                "subscription",
                "transaction",
                "verify",
                "yabacon"
            ],
            "time": "2018-05-15T19:24:17+00:00"
        },
        {
            "name": "zendframework/zend-escaper",
            "version": "2.6.0",
            "source": {
                "type": "git",
                "url": "https://github.com/zendframework/zend-escaper.git",
                "reference": "31d8aafae982f9568287cb4dce987e6aff8fd074"
            },
            "dist": {
                "type": "zip",
                "url": "https://api.github.com/repos/zendframework/zend-escaper/zipball/31d8aafae982f9568287cb4dce987e6aff8fd074",
                "reference": "31d8aafae982f9568287cb4dce987e6aff8fd074",
                "shasum": ""
            },
            "require": {
                "php": "^5.6 || ^7.0"
            },
            "require-dev": {
                "phpunit/phpunit": "^5.7.27 || ^6.5.8 || ^7.1.2",
                "zendframework/zend-coding-standard": "~1.0.0"
            },
            "type": "library",
            "extra": {
                "branch-alias": {
                    "dev-master": "2.6.x-dev",
                    "dev-develop": "2.7.x-dev"
                }
            },
            "autoload": {
                "psr-4": {
                    "Zend\\Escaper\\": "src/"
                }
            },
            "notification-url": "https://packagist.org/downloads/",
            "license": [
                "BSD-3-Clause"
            ],
            "description": "Securely and safely escape HTML, HTML attributes, JavaScript, CSS, and URLs",
            "keywords": [
                "ZendFramework",
                "escaper",
                "zf"
            ],
            "time": "2018-04-25T15:48:53+00:00"
        }
    ],
    "packages-dev": [],
    "aliases": [],
    "minimum-stability": "stable",
    "stability-flags": [],
    "prefer-stable": false,
    "prefer-lowest": false,
    "platform": [],
    "platform-dev": []
}
